// !$*UTF8*$!
{
	archiveVersion = 1;
	classes = {
	};
	objectVersion = 46;
	objects = {

/* Begin PBXBuildFile section */
		D92CFDFC1A1A1BCA007B5AFD /* UserNotification.m in Sources */ = {isa = PBXBuildFile; fileRef = D92CFDFB1A1A1BCA007B5AFD /* UserNotification.m */; };
		D92CFDFE1A25D917007B5AFD /* sssnap.iconset in Resources */ = {isa = PBXBuildFile; fileRef = D92CFDFD1A25D917007B5AFD /* sssnap.iconset */; };
		D93779B619F68B5E0044BCF3 /* Upload.m in Sources */ = {isa = PBXBuildFile; fileRef = D93779B519F68B5E0044BCF3 /* Upload.m */; };
		D938F2BE1A07B7BD00256CA1 /* SettingsViewController.m in Sources */ = {isa = PBXBuildFile; fileRef = D938F2BC1A07B7BD00256CA1 /* SettingsViewController.m */; };
		D938F2BF1A07B7BD00256CA1 /* SettingsViewController.xib in Resources */ = {isa = PBXBuildFile; fileRef = D938F2BD1A07B7BD00256CA1 /* SettingsViewController.xib */; };
		D938F2C21A07BB1300256CA1 /* GoogleOAuth.m in Sources */ = {isa = PBXBuildFile; fileRef = D938F2C11A07BB1300256CA1 /* GoogleOAuth.m */; settings = {COMPILER_FLAGS = "-fno-objc-arc"; }; };
		D938F2D01A07BB9D00256CA1 /* GTMHTTPFetcher.m in Sources */ = {isa = PBXBuildFile; fileRef = D938F2C61A07BB9D00256CA1 /* GTMHTTPFetcher.m */; settings = {COMPILER_FLAGS = "-fno-objc-arc"; }; };
		D938F2D11A07BB9D00256CA1 /* GTMHTTPFetchHistory.m in Sources */ = {isa = PBXBuildFile; fileRef = D938F2C81A07BB9D00256CA1 /* GTMHTTPFetchHistory.m */; settings = {COMPILER_FLAGS = "-fno-objc-arc"; }; };
		D938F2D21A07BB9D00256CA1 /* GTMOAuth2Authentication.m in Sources */ = {isa = PBXBuildFile; fileRef = D938F2CA1A07BB9D00256CA1 /* GTMOAuth2Authentication.m */; settings = {COMPILER_FLAGS = "-fno-objc-arc"; }; };
		D938F2D31A07BB9D00256CA1 /* GTMOAuth2SignIn.m in Sources */ = {isa = PBXBuildFile; fileRef = D938F2CC1A07BB9D00256CA1 /* GTMOAuth2SignIn.m */; settings = {COMPILER_FLAGS = "-fno-objc-arc"; }; };
		D938F2D41A07BB9D00256CA1 /* GTMOAuth2Window.xib in Resources */ = {isa = PBXBuildFile; fileRef = D938F2CD1A07BB9D00256CA1 /* GTMOAuth2Window.xib */; };
		D938F2D51A07BB9D00256CA1 /* GTMOAuth2WindowController.m in Sources */ = {isa = PBXBuildFile; fileRef = D938F2CF1A07BB9D00256CA1 /* GTMOAuth2WindowController.m */; settings = {COMPILER_FLAGS = "-fno-objc-arc"; }; };
		D938F2E31A07C01500256CA1 /* WebKit.framework in Frameworks */ = {isa = PBXBuildFile; fileRef = D938F2E21A07C01500256CA1 /* WebKit.framework */; };
		D938F2E61A09138D00256CA1 /* ServerAuth.m in Sources */ = {isa = PBXBuildFile; fileRef = D938F2E51A09138D00256CA1 /* ServerAuth.m */; };
		D96B5B1019F1A4D800291F46 /* Screenshot.m in Sources */ = {isa = PBXBuildFile; fileRef = D96B5B0F19F1A4D800291F46 /* Screenshot.m */; };
		D9FD49BE19F1A03E008DA510 /* main.m in Sources */ = {isa = PBXBuildFile; fileRef = D9FD49BD19F1A03E008DA510 /* main.m */; };
		D9FD49C119F1A03E008DA510 /* AppDelegate.m in Sources */ = {isa = PBXBuildFile; fileRef = D9FD49C019F1A03E008DA510 /* AppDelegate.m */; };
		D9FD49C319F1A03E008DA510 /* Images.xcassets in Resources */ = {isa = PBXBuildFile; fileRef = D9FD49C219F1A03E008DA510 /* Images.xcassets */; };
		D9FD49C619F1A03E008DA510 /* MainMenu.xib in Resources */ = {isa = PBXBuildFile; fileRef = D9FD49C419F1A03E008DA510 /* MainMenu.xib */; };
		D9FD49D219F1A03E008DA510 /* sssnapTests.m in Sources */ = {isa = PBXBuildFile; fileRef = D9FD49D119F1A03E008DA510 /* sssnapTests.m */; };
/* End PBXBuildFile section */

/* Begin PBXContainerItemProxy section */
		D9FD49CC19F1A03E008DA510 /* PBXContainerItemProxy */ = {
			isa = PBXContainerItemProxy;
			containerPortal = D9FD49B019F1A03E008DA510 /* Project object */;
			proxyType = 1;
			remoteGlobalIDString = D9FD49B719F1A03E008DA510;
			remoteInfo = sssnap;
		};
/* End PBXContainerItemProxy section */

/* Begin PBXFileReference section */
		D92CFDF81A1A1B7E007B5AFD /* UserNotification.h */ = {isa = PBXFileReference; fileEncoding = 4; lastKnownFileType = sourcecode.c.h; path = UserNotification.h; sourceTree = "<group>"; };
		D92CFDFB1A1A1BCA007B5AFD /* UserNotification.m */ = {isa = PBXFileReference; fileEncoding = 4; lastKnownFileType = sourcecode.c.objc; path = UserNotification.m; sourceTree = "<group>"; };
		D92CFDFD1A25D917007B5AFD /* sssnap.iconset */ = {isa = PBXFileReference; lastKnownFileType = folder.iconset; path = sssnap.iconset; sourceTree = "<group>"; };
		D93779B419F68B5E0044BCF3 /* Upload.h */ = {isa = PBXFileReference; fileEncoding = 4; lastKnownFileType = sourcecode.c.h; path = Upload.h; sourceTree = "<group>"; };
		D93779B519F68B5E0044BCF3 /* Upload.m */ = {isa = PBXFileReference; fileEncoding = 4; lastKnownFileType = sourcecode.c.objc; path = Upload.m; sourceTree = "<group>"; };
		D938F2BB1A07B7BD00256CA1 /* SettingsViewController.h */ = {isa = PBXFileReference; fileEncoding = 4; lastKnownFileType = sourcecode.c.h; path = SettingsViewController.h; sourceTree = "<group>"; };
		D938F2BC1A07B7BD00256CA1 /* SettingsViewController.m */ = {isa = PBXFileReference; fileEncoding = 4; lastKnownFileType = sourcecode.c.objc; path = SettingsViewController.m; sourceTree = "<group>"; };
		D938F2BD1A07B7BD00256CA1 /* SettingsViewController.xib */ = {isa = PBXFileReference; fileEncoding = 4; lastKnownFileType = file.xib; path = SettingsViewController.xib; sourceTree = "<group>"; };
		D938F2C01A07BB1300256CA1 /* GoogleOAuth.h */ = {isa = PBXFileReference; fileEncoding = 4; lastKnownFileType = sourcecode.c.h; path = GoogleOAuth.h; sourceTree = "<group>"; };
		D938F2C11A07BB1300256CA1 /* GoogleOAuth.m */ = {isa = PBXFileReference; fileEncoding = 4; lastKnownFileType = sourcecode.c.objc; path = GoogleOAuth.m; sourceTree = "<group>"; };
		D938F2C51A07BB9D00256CA1 /* GTMHTTPFetcher.h */ = {isa = PBXFileReference; fileEncoding = 4; lastKnownFileType = sourcecode.c.h; path = GTMHTTPFetcher.h; sourceTree = "<group>"; };
		D938F2C61A07BB9D00256CA1 /* GTMHTTPFetcher.m */ = {isa = PBXFileReference; fileEncoding = 4; lastKnownFileType = sourcecode.c.objc; path = GTMHTTPFetcher.m; sourceTree = "<group>"; };
		D938F2C71A07BB9D00256CA1 /* GTMHTTPFetchHistory.h */ = {isa = PBXFileReference; fileEncoding = 4; lastKnownFileType = sourcecode.c.h; path = GTMHTTPFetchHistory.h; sourceTree = "<group>"; };
		D938F2C81A07BB9D00256CA1 /* GTMHTTPFetchHistory.m */ = {isa = PBXFileReference; fileEncoding = 4; lastKnownFileType = sourcecode.c.objc; path = GTMHTTPFetchHistory.m; sourceTree = "<group>"; };
		D938F2C91A07BB9D00256CA1 /* GTMOAuth2Authentication.h */ = {isa = PBXFileReference; fileEncoding = 4; lastKnownFileType = sourcecode.c.h; path = GTMOAuth2Authentication.h; sourceTree = "<group>"; };
		D938F2CA1A07BB9D00256CA1 /* GTMOAuth2Authentication.m */ = {isa = PBXFileReference; fileEncoding = 4; lastKnownFileType = sourcecode.c.objc; path = GTMOAuth2Authentication.m; sourceTree = "<group>"; };
		D938F2CB1A07BB9D00256CA1 /* GTMOAuth2SignIn.h */ = {isa = PBXFileReference; fileEncoding = 4; lastKnownFileType = sourcecode.c.h; path = GTMOAuth2SignIn.h; sourceTree = "<group>"; };
		D938F2CC1A07BB9D00256CA1 /* GTMOAuth2SignIn.m */ = {isa = PBXFileReference; fileEncoding = 4; lastKnownFileType = sourcecode.c.objc; path = GTMOAuth2SignIn.m; sourceTree = "<group>"; };
		D938F2CD1A07BB9D00256CA1 /* GTMOAuth2Window.xib */ = {isa = PBXFileReference; fileEncoding = 4; lastKnownFileType = file.xib; path = GTMOAuth2Window.xib; sourceTree = "<group>"; };
		D938F2CE1A07BB9D00256CA1 /* GTMOAuth2WindowController.h */ = {isa = PBXFileReference; fileEncoding = 4; lastKnownFileType = sourcecode.c.h; path = GTMOAuth2WindowController.h; sourceTree = "<group>"; };
		D938F2CF1A07BB9D00256CA1 /* GTMOAuth2WindowController.m */ = {isa = PBXFileReference; fileEncoding = 4; lastKnownFileType = sourcecode.c.objc; path = GTMOAuth2WindowController.m; sourceTree = "<group>"; };
		D938F2E21A07C01500256CA1 /* WebKit.framework */ = {isa = PBXFileReference; lastKnownFileType = wrapper.framework; name = WebKit.framework; path = System/Library/Frameworks/WebKit.framework; sourceTree = SDKROOT; };
		D938F2E41A09138D00256CA1 /* ServerAuth.h */ = {isa = PBXFileReference; fileEncoding = 4; lastKnownFileType = sourcecode.c.h; path = ServerAuth.h; sourceTree = "<group>"; };
		D938F2E51A09138D00256CA1 /* ServerAuth.m */ = {isa = PBXFileReference; fileEncoding = 4; lastKnownFileType = sourcecode.c.objc; path = ServerAuth.m; sourceTree = "<group>"; };
		D96B5B0E19F1A4D800291F46 /* Screenshot.h */ = {isa = PBXFileReference; fileEncoding = 4; lastKnownFileType = sourcecode.c.h; path = Screenshot.h; sourceTree = "<group>"; };
		D96B5B0F19F1A4D800291F46 /* Screenshot.m */ = {isa = PBXFileReference; fileEncoding = 4; lastKnownFileType = sourcecode.c.objc; path = Screenshot.m; sourceTree = "<group>"; };
		D9FD49B819F1A03E008DA510 /* sssnap.app */ = {isa = PBXFileReference; explicitFileType = wrapper.application; includeInIndex = 0; path = sssnap.app; sourceTree = BUILT_PRODUCTS_DIR; };
		D9FD49BC19F1A03E008DA510 /* Info.plist */ = {isa = PBXFileReference; lastKnownFileType = text.plist.xml; path = Info.plist; sourceTree = "<group>"; };
		D9FD49BD19F1A03E008DA510 /* main.m */ = {isa = PBXFileReference; lastKnownFileType = sourcecode.c.objc; path = main.m; sourceTree = "<group>"; };
		D9FD49BF19F1A03E008DA510 /* AppDelegate.h */ = {isa = PBXFileReference; lastKnownFileType = sourcecode.c.h; path = AppDelegate.h; sourceTree = "<group>"; };
		D9FD49C019F1A03E008DA510 /* AppDelegate.m */ = {isa = PBXFileReference; lastKnownFileType = sourcecode.c.objc; path = AppDelegate.m; sourceTree = "<group>"; };
		D9FD49C219F1A03E008DA510 /* Images.xcassets */ = {isa = PBXFileReference; lastKnownFileType = folder.assetcatalog; path = Images.xcassets; sourceTree = "<group>"; };
		D9FD49C519F1A03E008DA510 /* Base */ = {isa = PBXFileReference; lastKnownFileType = file.xib; name = Base; path = Base.lproj/MainMenu.xib; sourceTree = "<group>"; };
		D9FD49CB19F1A03E008DA510 /* sssnapTests.xctest */ = {isa = PBXFileReference; explicitFileType = wrapper.cfbundle; includeInIndex = 0; path = sssnapTests.xctest; sourceTree = BUILT_PRODUCTS_DIR; };
		D9FD49D019F1A03E008DA510 /* Info.plist */ = {isa = PBXFileReference; lastKnownFileType = text.plist.xml; path = Info.plist; sourceTree = "<group>"; };
		D9FD49D119F1A03E008DA510 /* sssnapTests.m */ = {isa = PBXFileReference; lastKnownFileType = sourcecode.c.objc; path = sssnapTests.m; sourceTree = "<group>"; };
/* End PBXFileReference section */

/* Begin PBXFrameworksBuildPhase section */
		D9FD49B519F1A03E008DA510 /* Frameworks */ = {
			isa = PBXFrameworksBuildPhase;
			buildActionMask = 2147483647;
			files = (
				D938F2E31A07C01500256CA1 /* WebKit.framework in Frameworks */,
			);
			runOnlyForDeploymentPostprocessing = 0;
		};
		D9FD49C819F1A03E008DA510 /* Frameworks */ = {
			isa = PBXFrameworksBuildPhase;
			buildActionMask = 2147483647;
			files = (
			);
			runOnlyForDeploymentPostprocessing = 0;
		};
/* End PBXFrameworksBuildPhase section */

/* Begin PBXGroup section */
		D938F2B81A07B78C00256CA1 /* Views */ = {
			isa = PBXGroup;
			children = (
				D938F2BA1A07B7AB00256CA1 /* Settings */,
				D938F2B91A07B7A100256CA1 /* Main */,
			);
			name = Views;
			sourceTree = "<group>";
		};
		D938F2B91A07B7A100256CA1 /* Main */ = {
			isa = PBXGroup;
			children = (
				D9FD49C419F1A03E008DA510 /* MainMenu.xib */,
			);
			name = Main;
			sourceTree = "<group>";
		};
		D938F2BA1A07B7AB00256CA1 /* Settings */ = {
			isa = PBXGroup;
			children = (
				D938F2BB1A07B7BD00256CA1 /* SettingsViewController.h */,
				D938F2BC1A07B7BD00256CA1 /* SettingsViewController.m */,
				D938F2BD1A07B7BD00256CA1 /* SettingsViewController.xib */,
			);
			name = Settings;
			sourceTree = "<group>";
		};
		D938F2C31A07BB9D00256CA1 /* Additions */ = {
			isa = PBXGroup;
			children = (
				D938F2C41A07BB9D00256CA1 /* gtm-oauth2 */,
			);
			path = Additions;
			sourceTree = "<group>";
		};
		D938F2C41A07BB9D00256CA1 /* gtm-oauth2 */ = {
			isa = PBXGroup;
			children = (
				D938F2C51A07BB9D00256CA1 /* GTMHTTPFetcher.h */,
				D938F2C61A07BB9D00256CA1 /* GTMHTTPFetcher.m */,
				D938F2C71A07BB9D00256CA1 /* GTMHTTPFetchHistory.h */,
				D938F2C81A07BB9D00256CA1 /* GTMHTTPFetchHistory.m */,
				D938F2C91A07BB9D00256CA1 /* GTMOAuth2Authentication.h */,
				D938F2CA1A07BB9D00256CA1 /* GTMOAuth2Authentication.m */,
				D938F2CB1A07BB9D00256CA1 /* GTMOAuth2SignIn.h */,
				D938F2CC1A07BB9D00256CA1 /* GTMOAuth2SignIn.m */,
				D938F2CD1A07BB9D00256CA1 /* GTMOAuth2Window.xib */,
				D938F2CE1A07BB9D00256CA1 /* GTMOAuth2WindowController.h */,
				D938F2CF1A07BB9D00256CA1 /* GTMOAuth2WindowController.m */,
			);
			path = "gtm-oauth2";
			sourceTree = "<group>";
		};
		D938F2E71A09139600256CA1 /* Authentication */ = {
			isa = PBXGroup;
			children = (
				D938F2C01A07BB1300256CA1 /* GoogleOAuth.h */,
				D938F2C11A07BB1300256CA1 /* GoogleOAuth.m */,
				D938F2E41A09138D00256CA1 /* ServerAuth.h */,
				D938F2E51A09138D00256CA1 /* ServerAuth.m */,
			);
			name = Authentication;
			sourceTree = "<group>";
		};
		D9FD49AF19F1A03E008DA510 = {
			isa = PBXGroup;
			children = (
				D92CFDFD1A25D917007B5AFD /* sssnap.iconset */,
				D938F2E21A07C01500256CA1 /* WebKit.framework */,
				D9FD49BA19F1A03E008DA510 /* sssnap */,
				D9FD49CE19F1A03E008DA510 /* sssnapTests */,
				D9FD49B919F1A03E008DA510 /* Products */,
			);
			sourceTree = "<group>";
		};
		D9FD49B919F1A03E008DA510 /* Products */ = {
			isa = PBXGroup;
			children = (
				D9FD49B819F1A03E008DA510 /* sssnap.app */,
				D9FD49CB19F1A03E008DA510 /* sssnapTests.xctest */,
			);
			name = Products;
			sourceTree = "<group>";
		};
		D9FD49BA19F1A03E008DA510 /* sssnap */ = {
			isa = PBXGroup;
			children = (
				D9FD49BF19F1A03E008DA510 /* AppDelegate.h */,
				D9FD49C019F1A03E008DA510 /* AppDelegate.m */,
				D938F2B81A07B78C00256CA1 /* Views */,
				D9FD49C219F1A03E008DA510 /* Images.xcassets */,
				D96B5B0E19F1A4D800291F46 /* Screenshot.h */,
				D96B5B0F19F1A4D800291F46 /* Screenshot.m */,
				D93779B419F68B5E0044BCF3 /* Upload.h */,
				D93779B519F68B5E0044BCF3 /* Upload.m */,
				D92CFDF81A1A1B7E007B5AFD /* UserNotification.h */,
				D92CFDFB1A1A1BCA007B5AFD /* UserNotification.m */,
				D938F2E71A09139600256CA1 /* Authentication */,
				D938F2C31A07BB9D00256CA1 /* Additions */,
				D9FD49BB19F1A03E008DA510 /* Supporting Files */,
			);
			path = sssnap;
			sourceTree = "<group>";
		};
		D9FD49BB19F1A03E008DA510 /* Supporting Files */ = {
			isa = PBXGroup;
			children = (
				D9FD49BC19F1A03E008DA510 /* Info.plist */,
				D9FD49BD19F1A03E008DA510 /* main.m */,
			);
			name = "Supporting Files";
			sourceTree = "<group>";
		};
		D9FD49CE19F1A03E008DA510 /* sssnapTests */ = {
			isa = PBXGroup;
			children = (
				D9FD49D119F1A03E008DA510 /* sssnapTests.m */,
				D9FD49CF19F1A03E008DA510 /* Supporting Files */,
			);
			path = sssnapTests;
			sourceTree = "<group>";
		};
		D9FD49CF19F1A03E008DA510 /* Supporting Files */ = {
			isa = PBXGroup;
			children = (
				D9FD49D019F1A03E008DA510 /* Info.plist */,
			);
			name = "Supporting Files";
			sourceTree = "<group>";
		};
/* End PBXGroup section */

/* Begin PBXNativeTarget section */
		D9FD49B719F1A03E008DA510 /* sssnap */ = {
			isa = PBXNativeTarget;
			buildConfigurationList = D9FD49D519F1A03E008DA510 /* Build configuration list for PBXNativeTarget "sssnap" */;
			buildPhases = (
				D9FD49B419F1A03E008DA510 /* Sources */,
				D9FD49B519F1A03E008DA510 /* Frameworks */,
				D9FD49B619F1A03E008DA510 /* Resources */,
			);
			buildRules = (
			);
			dependencies = (
			);
			name = sssnap;
			productName = sssnap;
			productReference = D9FD49B819F1A03E008DA510 /* sssnap.app */;
			productType = "com.apple.product-type.application";
		};
		D9FD49CA19F1A03E008DA510 /* sssnapTests */ = {
			isa = PBXNativeTarget;
			buildConfigurationList = D9FD49D819F1A03E008DA510 /* Build configuration list for PBXNativeTarget "sssnapTests" */;
			buildPhases = (
				D9FD49C719F1A03E008DA510 /* Sources */,
				D9FD49C819F1A03E008DA510 /* Frameworks */,
				D9FD49C919F1A03E008DA510 /* Resources */,
			);
			buildRules = (
			);
			dependencies = (
				D9FD49CD19F1A03E008DA510 /* PBXTargetDependency */,
			);
			name = sssnapTests;
			productName = sssnapTests;
			productReference = D9FD49CB19F1A03E008DA510 /* sssnapTests.xctest */;
			productType = "com.apple.product-type.bundle.unit-test";
		};
/* End PBXNativeTarget section */

/* Begin PBXProject section */
		D9FD49B019F1A03E008DA510 /* Project object */ = {
			isa = PBXProject;
			attributes = {
				LastUpgradeCheck = 0600;
				ORGANIZATIONNAME = 51seven;
				TargetAttributes = {
					D9FD49B719F1A03E008DA510 = {
						CreatedOnToolsVersion = 6.0.1;
					};
					D9FD49CA19F1A03E008DA510 = {
						CreatedOnToolsVersion = 6.0.1;
						TestTargetID = D9FD49B719F1A03E008DA510;
					};
				};
			};
			buildConfigurationList = D9FD49B319F1A03E008DA510 /* Build configuration list for PBXProject "sssnap" */;
			compatibilityVersion = "Xcode 3.2";
			developmentRegion = English;
			hasScannedForEncodings = 0;
			knownRegions = (
				en,
				Base,
			);
			mainGroup = D9FD49AF19F1A03E008DA510;
			productRefGroup = D9FD49B919F1A03E008DA510 /* Products */;
			projectDirPath = "";
			projectRoot = "";
			targets = (
				D9FD49B719F1A03E008DA510 /* sssnap */,
				D9FD49CA19F1A03E008DA510 /* sssnapTests */,
			);
		};
/* End PBXProject section */

/* Begin PBXResourcesBuildPhase section */
		D9FD49B619F1A03E008DA510 /* Resources */ = {
			isa = PBXResourcesBuildPhase;
			buildActionMask = 2147483647;
			files = (
				D938F2BF1A07B7BD00256CA1 /* SettingsViewController.xib in Resources */,
				D9FD49C319F1A03E008DA510 /* Images.xcassets in Resources */,
				D9FD49C619F1A03E008DA510 /* MainMenu.xib in Resources */,
				D938F2D41A07BB9D00256CA1 /* GTMOAuth2Window.xib in Resources */,
				D92CFDFE1A25D917007B5AFD /* sssnap.iconset in Resources */,
			);
			runOnlyForDeploymentPostprocessing = 0;
		};
		D9FD49C919F1A03E008DA510 /* Resources */ = {
			isa = PBXResourcesBuildPhase;
			buildActionMask = 2147483647;
			files = (
			);
			runOnlyForDeploymentPostprocessing = 0;
		};
/* End PBXResourcesBuildPhase section */

/* Begin PBXSourcesBuildPhase section */
		D9FD49B419F1A03E008DA510 /* Sources */ = {
			isa = PBXSourcesBuildPhase;
			buildActionMask = 2147483647;
			files = (
				D938F2C21A07BB1300256CA1 /* GoogleOAuth.m in Sources */,
				D938F2D01A07BB9D00256CA1 /* GTMHTTPFetcher.m in Sources */,
				D93779B619F68B5E0044BCF3 /* Upload.m in Sources */,
				D938F2D21A07BB9D00256CA1 /* GTMOAuth2Authentication.m in Sources */,
				D938F2E61A09138D00256CA1 /* ServerAuth.m in Sources */,
				D96B5B1019F1A4D800291F46 /* Screenshot.m in Sources */,
				D938F2D11A07BB9D00256CA1 /* GTMHTTPFetchHistory.m in Sources */,
				D92CFDFC1A1A1BCA007B5AFD /* UserNotification.m in Sources */,
				D9FD49C119F1A03E008DA510 /* AppDelegate.m in Sources */,
				D938F2D31A07BB9D00256CA1 /* GTMOAuth2SignIn.m in Sources */,
				D9FD49BE19F1A03E008DA510 /* main.m in Sources */,
				D938F2D51A07BB9D00256CA1 /* GTMOAuth2WindowController.m in Sources */,
				D938F2BE1A07B7BD00256CA1 /* SettingsViewController.m in Sources */,
			);
			runOnlyForDeploymentPostprocessing = 0;
		};
		D9FD49C719F1A03E008DA510 /* Sources */ = {
			isa = PBXSourcesBuildPhase;
			buildActionMask = 2147483647;
			files = (
				D9FD49D219F1A03E008DA510 /* sssnapTests.m in Sources */,
			);
			runOnlyForDeploymentPostprocessing = 0;
		};
/* End PBXSourcesBuildPhase section */

/* Begin PBXTargetDependency section */
		D9FD49CD19F1A03E008DA510 /* PBXTargetDependency */ = {
			isa = PBXTargetDependency;
			target = D9FD49B719F1A03E008DA510 /* sssnap */;
			targetProxy = D9FD49CC19F1A03E008DA510 /* PBXContainerItemProxy */;
		};
/* End PBXTargetDependency section */

/* Begin PBXVariantGroup section */
		D9FD49C419F1A03E008DA510 /* MainMenu.xib */ = {
			isa = PBXVariantGroup;
			children = (
				D9FD49C519F1A03E008DA510 /* Base */,
			);
			name = MainMenu.xib;
			sourceTree = "<group>";
		};
/* End PBXVariantGroup section */

/* Begin XCBuildConfiguration section */
		D9FD49D319F1A03E008DA510 /* Debug */ = {
			isa = XCBuildConfiguration;
			buildSettings = {
				ALWAYS_SEARCH_USER_PATHS = NO;
				CLANG_CXX_LANGUAGE_STANDARD = "gnu++0x";
				CLANG_CXX_LIBRARY = "libc++";
				CLANG_ENABLE_MODULES = YES;
				CLANG_ENABLE_OBJC_ARC = YES;
				CLANG_WARN_BOOL_CONVERSION = YES;
				CLANG_WARN_CONSTANT_CONVERSION = YES;
				CLANG_WARN_DIRECT_OBJC_ISA_USAGE = YES_ERROR;
				CLANG_WARN_EMPTY_BODY = YES;
				CLANG_WARN_ENUM_CONVERSION = YES;
				CLANG_WARN_INT_CONVERSION = YES;
				CLANG_WARN_OBJC_ROOT_CLASS = YES_ERROR;
				CLANG_WARN_UNREACHABLE_CODE = YES;
				CLANG_WARN__DUPLICATE_METHOD_MATCH = YES;
				CODE_SIGN_IDENTITY = "-";
				COPY_PHASE_STRIP = NO;
				ENABLE_STRICT_OBJC_MSGSEND = YES;
				GCC_C_LANGUAGE_STANDARD = gnu99;
				GCC_DYNAMIC_NO_PIC = NO;
				GCC_OPTIMIZATION_LEVEL = 0;
				GCC_PREPROCESSOR_DEFINITIONS = (
					"DEBUG=1",
					"$(inherited)",
				);
				GCC_SYMBOLS_PRIVATE_EXTERN = NO;
				GCC_WARN_64_TO_32_BIT_CONVERSION = YES;
				GCC_WARN_ABOUT_RETURN_TYPE = YES_ERROR;
				GCC_WARN_UNDECLARED_SELECTOR = YES;
				GCC_WARN_UNINITIALIZED_AUTOS = YES_AGGRESSIVE;
				GCC_WARN_UNUSED_FUNCTION = YES;
				GCC_WARN_UNUSED_VARIABLE = YES;
				MACOSX_DEPLOYMENT_TARGET = 10.10;
				MTL_ENABLE_DEBUG_INFO = YES;
				ONLY_ACTIVE_ARCH = YES;
				SDKROOT = macosx;
			};
			name = Debug;
		};
		D9FD49D419F1A03E008DA510 /* Release */ = {
			isa = XCBuildConfiguration;
			buildSettings = {
				ALWAYS_SEARCH_USER_PATHS = NO;
				CLANG_CXX_LANGUAGE_STANDARD = "gnu++0x";
				CLANG_CXX_LIBRARY = "libc++";
				CLANG_ENABLE_MODULES = YES;
				CLANG_ENABLE_OBJC_ARC = YES;
				CLANG_WARN_BOOL_CONVERSION = YES;
				CLANG_WARN_CONSTANT_CONVERSION = YES;
				CLANG_WARN_DIRECT_OBJC_ISA_USAGE = YES_ERROR;
				CLANG_WARN_EMPTY_BODY = YES;
				CLANG_WARN_ENUM_CONVERSION = YES;
				CLANG_WARN_INT_CONVERSION = YES;
				CLANG_WARN_OBJC_ROOT_CLASS = YES_ERROR;
				CLANG_WARN_UNREACHABLE_CODE = YES;
				CLANG_WARN__DUPLICATE_METHOD_MATCH = YES;
				CODE_SIGN_IDENTITY = "-";
				COPY_PHASE_STRIP = YES;
				DEBUG_INFORMATION_FORMAT = "dwarf-with-dsym";
				ENABLE_NS_ASSERTIONS = NO;
				ENABLE_STRICT_OBJC_MSGSEND = YES;
				GCC_C_LANGUAGE_STANDARD = gnu99;
				GCC_WARN_64_TO_32_BIT_CONVERSION = YES;
				GCC_WARN_ABOUT_RETURN_TYPE = YES_ERROR;
				GCC_WARN_UNDECLARED_SELECTOR = YES;
				GCC_WARN_UNINITIALIZED_AUTOS = YES_AGGRESSIVE;
				GCC_WARN_UNUSED_FUNCTION = YES;
				GCC_WARN_UNUSED_VARIABLE = YES;
				MACOSX_DEPLOYMENT_TARGET = 10.10;
				MTL_ENABLE_DEBUG_INFO = NO;
				SDKROOT = macosx;
			};
			name = Release;
		};
		D9FD49D619F1A03E008DA510 /* Debug */ = {
			isa = XCBuildConfiguration;
			buildSettings = {
				ASSETCATALOG_COMPILER_APPICON_NAME = AppIcon;
				COMBINE_HIDPI_IMAGES = YES;
				INFOPLIST_FILE = sssnap/Info.plist;
				LD_RUNPATH_SEARCH_PATHS = "$(inherited) @executable_path/../Frameworks";
				PRODUCT_NAME = "$(TARGET_NAME)";
			};
			name = Debug;
		};
		D9FD49D719F1A03E008DA510 /* Release */ = {
			isa = XCBuildConfiguration;
			buildSettings = {
				ASSETCATALOG_COMPILER_APPICON_NAME = AppIcon;
				COMBINE_HIDPI_IMAGES = YES;
				INFOPLIST_FILE = sssnap/Info.plist;
				LD_RUNPATH_SEARCH_PATHS = "$(inherited) @executable_path/../Frameworks";
				PRODUCT_NAME = "$(TARGET_NAME)";
			};
			name = Release;
		};
		D9FD49D919F1A03E008DA510 /* Debug */ = {
			isa = XCBuildConfiguration;
			buildSettings = {
				BUNDLE_LOADER = "$(TEST_HOST)";
				COMBINE_HIDPI_IMAGES = YES;
				FRAMEWORK_SEARCH_PATHS = (
					"$(DEVELOPER_FRAMEWORKS_DIR)",
					"$(inherited)",
				);
				GCC_PREPROCESSOR_DEFINITIONS = (
					"DEBUG=1",
					"$(inherited)",
				);
				INFOPLIST_FILE = sssnapTests/Info.plist;
				LD_RUNPATH_SEARCH_PATHS = "$(inherited) @executable_path/../Frameworks @loader_path/../Frameworks";
				PRODUCT_NAME = "$(TARGET_NAME)";
				TEST_HOST = "$(BUILT_PRODUCTS_DIR)/sssnap.app/Contents/MacOS/sssnap";
			};
			name = Debug;
		};
		D9FD49DA19F1A03E008DA510 /* Release */ = {
			isa = XCBuildConfiguration;
			buildSettings = {
				BUNDLE_LOADER = "$(TEST_HOST)";
				COMBINE_HIDPI_IMAGES = YES;
				FRAMEWORK_SEARCH_PATHS = (
					"$(DEVELOPER_FRAMEWORKS_DIR)",
					"$(inherited)",
				);
				INFOPLIST_FILE = sssnapTests/Info.plist;
				LD_RUNPATH_SEARCH_PATHS = "$(inherited) @executable_path/../Frameworks @loader_path/../Frameworks";
				PRODUCT_NAME = "$(TARGET_NAME)";
				TEST_HOST = "$(BUILT_PRODUCTS_DIR)/sssnap.app/Contents/MacOS/sssnap";
			};
			name = Release;
		};
/* End XCBuildConfiguration section */

/* Begin XCConfigurationList section */
		D9FD49B319F1A03E008DA510 /* Build configuration list for PBXProject "sssnap" */ = {
			isa = XCConfigurationList;
			buildConfigurations = (
				D9FD49D319F1A03E008DA510 /* Debug */,
				D9FD49D419F1A03E008DA510 /* Release */,
			);
			defaultConfigurationIsVisible = 0;
			defaultConfigurationName = Release;
		};
		D9FD49D519F1A03E008DA510 /* Build configuration list for PBXNativeTarget "sssnap" */ = {
			isa = XCConfigurationList;
			buildConfigurations = (
				D9FD49D619F1A03E008DA510 /* Debug */,
				D9FD49D719F1A03E008DA510 /* Release */,
			);
			defaultConfigurationIsVisible = 0;
			defaultConfigurationName = Release;
		};
		D9FD49D819F1A03E008DA510 /* Build configuration list for PBXNativeTarget "sssnapTests" */ = {
			isa = XCConfigurationList;
			buildConfigurations = (
				D9FD49D919F1A03E008DA510 /* Debug */,
				D9FD49DA19F1A03E008DA510 /* Release */,
			);
			defaultConfigurationIsVisible = 0;
			defaultConfigurationName = Release;
		};
/* End XCConfigurationList section */
	};
	rootObject = D9FD49B019F1A03E008DA510 /* Project object */;
}
